
Microsoft Visual Studio Solution File, Format Version 12.00
# Visual Studio Version 17
VisualStudioVersion = 17.13.35825.156 d17.13
MinimumVisualStudioVersion = 10.0.40219.1
Project("{FAE04EC0-301F-11D3-BF4B-00C04F79EFBC}") = "Array", "Array.csproj", "{45FB95E8-5E90-4016-9D4E-846D5859D986}"
EndProject
Global
	GlobalSection(SolutionConfigurationPlatforms) = preSolution
		Debug|Any CPU = Debug|Any CPU
		Release|Any CPU = Release|Any CPU
	EndGlobalSection
	GlobalSection(ProjectConfigurationPlatforms) = postSolution
		{45FB95E8-5E90-4016-9D4E-846D5859D986}.Debug|Any CPU.ActiveCfg = Debug|Any CPU
		{45FB95E8-5E90-4016-9D4E-846D5859D986}.Debug|Any CPU.Build.0 = Debug|Any CPU
		{45FB95E8-5E90-4016-9D4E-846D5859D986}.Release|Any CPU.ActiveCfg = Release|Any CPU
		{45FB95E8-5E90-4016-9D4E-846D5859D986}.Release|Any CPU.Build.0 = Release|Any CPU
	EndGlobalSection
	GlobalSection(SolutionProperties) = preSolution
		HideSolutionNode = FALSE
	EndGlobalSection
	GlobalSection(ExtensibilityGlobals) = postSolution
		SolutionGuid = {DD3BE93E-4395-49D1-B834-183F8BF3BAC5}
	EndGlobalSection
EndGlobal
