
Microsoft Visual Studio Solution File, Format Version 12.00
# Visual Studio Version 17
VisualStudioVersion = 17.13.35825.156 d17.13
MinimumVisualStudioVersion = 10.0.40219.1
Project("{FAE04EC0-301F-11D3-BF4B-00C04F79EFBC}") = "Library", "Library.csproj", "{55F824CB-E377-4B6A-8FB2-4B1AAD46A3FF}"
EndProject
Global
	GlobalSection(SolutionConfigurationPlatforms) = preSolution
		Debug|Any CPU = Debug|Any CPU
		Release|Any CPU = Release|Any CPU
	EndGlobalSection
	GlobalSection(ProjectConfigurationPlatforms) = postSolution
		{55F824CB-E377-4B6A-8FB2-4B1AAD46A3FF}.Debug|Any CPU.ActiveCfg = Debug|Any CPU
		{55F824CB-E377-4B6A-8FB2-4B1AAD46A3FF}.Debug|Any CPU.Build.0 = Debug|Any CPU
		{55F824CB-E377-4B6A-8FB2-4B1AAD46A3FF}.Release|Any CPU.ActiveCfg = Release|Any CPU
		{55F824CB-E377-4B6A-8FB2-4B1AAD46A3FF}.Release|Any CPU.Build.0 = Release|Any CPU
	EndGlobalSection
	GlobalSection(SolutionProperties) = preSolution
		HideSolutionNode = FALSE
	EndGlobalSection
	GlobalSection(ExtensibilityGlobals) = postSolution
		SolutionGuid = {539AC8D2-A0C7-44D4-8D18-96BCEA5DE9FA}
	EndGlobalSection
EndGlobal
