
Microsoft Visual Studio Solution File, Format Version 12.00
# Visual Studio Version 17
VisualStudioVersion = 17.13.35825.156 d17.13
MinimumVisualStudioVersion = 10.0.40219.1
Project("{FAE04EC0-301F-11D3-BF4B-00C04F79EFBC}") = "Object class", "Object class.csproj", "{3B1D0D82-FCD8-4A9B-99DB-62E309D9B752}"
EndProject
Global
	GlobalSection(SolutionConfigurationPlatforms) = preSolution
		Debug|Any CPU = Debug|Any CPU
		Release|Any CPU = Release|Any CPU
	EndGlobalSection
	GlobalSection(ProjectConfigurationPlatforms) = postSolution
		{3B1D0D82-FCD8-4A9B-99DB-62E309D9B752}.Debug|Any CPU.ActiveCfg = Debug|Any CPU
		{3B1D0D82-FCD8-4A9B-99DB-62E309D9B752}.Debug|Any CPU.Build.0 = Debug|Any CPU
		{3B1D0D82-FCD8-4A9B-99DB-62E309D9B752}.Release|Any CPU.ActiveCfg = Release|Any CPU
		{3B1D0D82-FCD8-4A9B-99DB-62E309D9B752}.Release|Any CPU.Build.0 = Release|Any CPU
	EndGlobalSection
	GlobalSection(SolutionProperties) = preSolution
		HideSolutionNode = FALSE
	EndGlobalSection
	GlobalSection(ExtensibilityGlobals) = postSolution
		SolutionGuid = {CE30A6C7-71E6-4DD5-A940-661941869722}
	EndGlobalSection
EndGlobal
