
Microsoft Visual Studio Solution File, Format Version 12.00
# Visual Studio Version 17
VisualStudioVersion = 17.13.35825.156 d17.13
MinimumVisualStudioVersion = 10.0.40219.1
Project("{FAE04EC0-301F-11D3-BF4B-00C04F79EFBC}") = "Age", "Age.csproj", "{C22D3A56-9A45-4C28-89D6-23BC36811B6E}"
EndProject
Global
	GlobalSection(SolutionConfigurationPlatforms) = preSolution
		Debug|Any CPU = Debug|Any CPU
		Release|Any CPU = Release|Any CPU
	EndGlobalSection
	GlobalSection(ProjectConfigurationPlatforms) = postSolution
		{C22D3A56-9A45-4C28-89D6-23BC36811B6E}.Debug|Any CPU.ActiveCfg = Debug|Any CPU
		{C22D3A56-9A45-4C28-89D6-23BC36811B6E}.Debug|Any CPU.Build.0 = Debug|Any CPU
		{C22D3A56-9A45-4C28-89D6-23BC36811B6E}.Release|Any CPU.ActiveCfg = Release|Any CPU
		{C22D3A56-9A45-4C28-89D6-23BC36811B6E}.Release|Any CPU.Build.0 = Release|Any CPU
	EndGlobalSection
	GlobalSection(SolutionProperties) = preSolution
		HideSolutionNode = FALSE
	EndGlobalSection
	GlobalSection(ExtensibilityGlobals) = postSolution
		SolutionGuid = {9EA2774B-336B-4BC2-A429-07FE31EDBD69}
	EndGlobalSection
EndGlobal
