
Microsoft Visual Studio Solution File, Format Version 12.00
# Visual Studio Version 17
VisualStudioVersion = 17.13.35825.156 d17.13
MinimumVisualStudioVersion = 10.0.40219.1
Project("{FAE04EC0-301F-11D3-BF4B-00C04F79EFBC}") = "DateTime", "DateTime.csproj", "{1BABB465-BBF9-469B-91A3-9BF9F74A7C0A}"
EndProject
Global
	GlobalSection(SolutionConfigurationPlatforms) = preSolution
		Debug|Any CPU = Debug|Any CPU
		Release|Any CPU = Release|Any CPU
	EndGlobalSection
	GlobalSection(ProjectConfigurationPlatforms) = postSolution
		{1BABB465-BBF9-469B-91A3-9BF9F74A7C0A}.Debug|Any CPU.ActiveCfg = Debug|Any CPU
		{1BABB465-BBF9-469B-91A3-9BF9F74A7C0A}.Debug|Any CPU.Build.0 = Debug|Any CPU
		{1BABB465-BBF9-469B-91A3-9BF9F74A7C0A}.Release|Any CPU.ActiveCfg = Release|Any CPU
		{1BABB465-BBF9-469B-91A3-9BF9F74A7C0A}.Release|Any CPU.Build.0 = Release|Any CPU
	EndGlobalSection
	GlobalSection(SolutionProperties) = preSolution
		HideSolutionNode = FALSE
	EndGlobalSection
	GlobalSection(ExtensibilityGlobals) = postSolution
		SolutionGuid = {A99A56D2-652C-4F41-804A-9421C1EA2D01}
	EndGlobalSection
EndGlobal
