
Microsoft Visual Studio Solution File, Format Version 12.00
# Visual Studio Version 17
VisualStudioVersion = 17.13.35825.156 d17.13
MinimumVisualStudioVersion = 10.0.40219.1
Project("{FAE04EC0-301F-11D3-BF4B-00C04F79EFBC}") = "Employee - Nested types", "Employee - Nested types.csproj", "{EF785DA7-EB54-4F8D-88C4-885FA26072FF}"
EndProject
Global
	GlobalSection(SolutionConfigurationPlatforms) = preSolution
		Debug|Any CPU = Debug|Any CPU
		Release|Any CPU = Release|Any CPU
	EndGlobalSection
	GlobalSection(ProjectConfigurationPlatforms) = postSolution
		{EF785DA7-EB54-4F8D-88C4-885FA26072FF}.Debug|Any CPU.ActiveCfg = Debug|Any CPU
		{EF785DA7-EB54-4F8D-88C4-885FA26072FF}.Debug|Any CPU.Build.0 = Debug|Any CPU
		{EF785DA7-EB54-4F8D-88C4-885FA26072FF}.Release|Any CPU.ActiveCfg = Release|Any CPU
		{EF785DA7-EB54-4F8D-88C4-885FA26072FF}.Release|Any CPU.Build.0 = Release|Any CPU
	EndGlobalSection
	GlobalSection(SolutionProperties) = preSolution
		HideSolutionNode = FALSE
	EndGlobalSection
	GlobalSection(ExtensibilityGlobals) = postSolution
		SolutionGuid = {FEF05B59-8A16-4D33-98D1-0C949A3BC2F4}
	EndGlobalSection
EndGlobal
