
Microsoft Visual Studio Solution File, Format Version 12.00
# Visual Studio Version 17
VisualStudioVersion = 17.13.35825.156 d17.13
MinimumVisualStudioVersion = 10.0.40219.1
Project("{FAE04EC0-301F-11D3-BF4B-00C04F79EFBC}") = "ShoppingCart", "ShoppingCart.csproj", "{6DF48E7B-1CFF-42DE-89F0-9B5BB5767CE8}"
EndProject
Global
	GlobalSection(SolutionConfigurationPlatforms) = preSolution
		Debug|Any CPU = Debug|Any CPU
		Release|Any CPU = Release|Any CPU
	EndGlobalSection
	GlobalSection(ProjectConfigurationPlatforms) = postSolution
		{6DF48E7B-1CFF-42DE-89F0-9B5BB5767CE8}.Debug|Any CPU.ActiveCfg = Debug|Any CPU
		{6DF48E7B-1CFF-42DE-89F0-9B5BB5767CE8}.Debug|Any CPU.Build.0 = Debug|Any CPU
		{6DF48E7B-1CFF-42DE-89F0-9B5BB5767CE8}.Release|Any CPU.ActiveCfg = Release|Any CPU
		{6DF48E7B-1CFF-42DE-89F0-9B5BB5767CE8}.Release|Any CPU.Build.0 = Release|Any CPU
	EndGlobalSection
	GlobalSection(SolutionProperties) = preSolution
		HideSolutionNode = FALSE
	EndGlobalSection
	GlobalSection(ExtensibilityGlobals) = postSolution
		SolutionGuid = {46E6F868-0062-42B6-8E3A-6B2ECC6E19E2}
	EndGlobalSection
EndGlobal
