
Microsoft Visual Studio Solution File, Format Version 12.00
# Visual Studio Version 17
VisualStudioVersion = 17.13.35825.156
MinimumVisualStudioVersion = 10.0.40219.1
Project("{FAE04EC0-301F-11D3-BF4B-00C04F79EFBC}") = "FirstStruct", "FirstStruct.csproj", "{11E7A15F-A3F0-43A7-8382-6EAF2EC00A09}"
EndProject
Global
	GlobalSection(SolutionConfigurationPlatforms) = preSolution
		Debug|Any CPU = Debug|Any CPU
		Release|Any CPU = Release|Any CPU
	EndGlobalSection
	GlobalSection(ProjectConfigurationPlatforms) = postSolution
		{11E7A15F-A3F0-43A7-8382-6EAF2EC00A09}.Debug|Any CPU.ActiveCfg = Debug|Any CPU
		{11E7A15F-A3F0-43A7-8382-6EAF2EC00A09}.Debug|Any CPU.Build.0 = Debug|Any CPU
		{11E7A15F-A3F0-43A7-8382-6EAF2EC00A09}.Release|Any CPU.ActiveCfg = Release|Any CPU
		{11E7A15F-A3F0-43A7-8382-6EAF2EC00A09}.Release|Any CPU.Build.0 = Release|Any CPU
	EndGlobalSection
	GlobalSection(SolutionProperties) = preSolution
		HideSolutionNode = FALSE
	EndGlobalSection
	GlobalSection(ExtensibilityGlobals) = postSolution
		SolutionGuid = {25E58EA6-AE96-4E98-A69C-51FED0E1100B}
	EndGlobalSection
EndGlobal
