
Microsoft Visual Studio Solution File, Format Version 12.00
# Visual Studio Version 17
VisualStudioVersion = 17.13.35825.156 d17.13
MinimumVisualStudioVersion = 10.0.40219.1
Project("{FAE04EC0-301F-11D3-BF4B-00C04F79EFBC}") = "student", "student.csproj", "{A6C9CC8A-6A60-4FEA-82F8-60429B944190}"
EndProject
Global
	GlobalSection(SolutionConfigurationPlatforms) = preSolution
		Debug|Any CPU = Debug|Any CPU
		Release|Any CPU = Release|Any CPU
	EndGlobalSection
	GlobalSection(ProjectConfigurationPlatforms) = postSolution
		{A6C9CC8A-6A60-4FEA-82F8-60429B944190}.Debug|Any CPU.ActiveCfg = Debug|Any CPU
		{A6C9CC8A-6A60-4FEA-82F8-60429B944190}.Debug|Any CPU.Build.0 = Debug|Any CPU
		{A6C9CC8A-6A60-4FEA-82F8-60429B944190}.Release|Any CPU.ActiveCfg = Release|Any CPU
		{A6C9CC8A-6A60-4FEA-82F8-60429B944190}.Release|Any CPU.Build.0 = Release|Any CPU
	EndGlobalSection
	GlobalSection(SolutionProperties) = preSolution
		HideSolutionNode = FALSE
	EndGlobalSection
	GlobalSection(ExtensibilityGlobals) = postSolution
		SolutionGuid = {7B8613BB-8E2A-4D15-9991-1432B69594A4}
	EndGlobalSection
EndGlobal
