
Microsoft Visual Studio Solution File, Format Version 12.00
# Visual Studio Version 17
VisualStudioVersion = 17.13.35825.156 d17.13
MinimumVisualStudioVersion = 10.0.40219.1
Project("{FAE04EC0-301F-11D3-BF4B-00C04F79EFBC}") = "MyList", "MyList.csproj", "{07780B75-4DD0-4EB9-82A7-AD79ECBCF1EE}"
EndProject
Global
	GlobalSection(SolutionConfigurationPlatforms) = preSolution
		Debug|Any CPU = Debug|Any CPU
		Release|Any CPU = Release|Any CPU
	EndGlobalSection
	GlobalSection(ProjectConfigurationPlatforms) = postSolution
		{07780B75-4DD0-4EB9-82A7-AD79ECBCF1EE}.Debug|Any CPU.ActiveCfg = Debug|Any CPU
		{07780B75-4DD0-4EB9-82A7-AD79ECBCF1EE}.Debug|Any CPU.Build.0 = Debug|Any CPU
		{07780B75-4DD0-4EB9-82A7-AD79ECBCF1EE}.Release|Any CPU.ActiveCfg = Release|Any CPU
		{07780B75-4DD0-4EB9-82A7-AD79ECBCF1EE}.Release|Any CPU.Build.0 = Release|Any CPU
	EndGlobalSection
	GlobalSection(SolutionProperties) = preSolution
		HideSolutionNode = FALSE
	EndGlobalSection
	GlobalSection(ExtensibilityGlobals) = postSolution
		SolutionGuid = {05C1E878-5B6F-402B-85DD-14F897A1A000}
	EndGlobalSection
EndGlobal
