
Microsoft Visual Studio Solution File, Format Version 12.00
# Visual Studio Version 17
VisualStudioVersion = 17.13.35825.156 d17.13
MinimumVisualStudioVersion = 10.0.40219.1
Project("{FAE04EC0-301F-11D3-BF4B-00C04F79EFBC}") = "Calculator", "Calculator.csproj", "{5E1F28CE-F28A-4A7E-BF8A-4C293BAA0FA1}"
EndProject
Global
	GlobalSection(SolutionConfigurationPlatforms) = preSolution
		Debug|Any CPU = Debug|Any CPU
		Release|Any CPU = Release|Any CPU
	EndGlobalSection
	GlobalSection(ProjectConfigurationPlatforms) = postSolution
		{5E1F28CE-F28A-4A7E-BF8A-4C293BAA0FA1}.Debug|Any CPU.ActiveCfg = Debug|Any CPU
		{5E1F28CE-F28A-4A7E-BF8A-4C293BAA0FA1}.Debug|Any CPU.Build.0 = Debug|Any CPU
		{5E1F28CE-F28A-4A7E-BF8A-4C293BAA0FA1}.Release|Any CPU.ActiveCfg = Release|Any CPU
		{5E1F28CE-F28A-4A7E-BF8A-4C293BAA0FA1}.Release|Any CPU.Build.0 = Release|Any CPU
	EndGlobalSection
	GlobalSection(SolutionProperties) = preSolution
		HideSolutionNode = FALSE
	EndGlobalSection
	GlobalSection(ExtensibilityGlobals) = postSolution
		SolutionGuid = {967CE3AB-3B62-4C8A-A0F5-9F4E07B0BE58}
	EndGlobalSection
EndGlobal
